# This file was autogenerated by Stack.
# You should not edit this file by hand.
# For more information, please see the documentation at:
#   https://docs.haskellstack.org/en/stable/lock_files

packages:
- completed:
    hackage: HSH-2.1.3@sha256:71ded11b224f5066373ce985ec63b10c87129850b33916736dd64fa2bea9ea0a,1705
    pantry-tree:
      size: 473
      sha256: 95f49f9dad6e4976d1b53c59fd4405a978ca8baecc721d508a030615241d69be
  original:
    hackage: HSH-2.1.3
- completed:
    hackage: monoidal-containers-0.6.0.1@sha256:f56ea8fe91ff93da140e38b8dab4b94437b901818c13ba72fc7fc802290323ee,2583
    pantry-tree:
      size: 569
      sha256: 3a43dbbb1839521aae37a2baa3fb3ad0cc61a0a8fc4e3aec1f7dda15b92a0279
  original:
    hackage: monoidal-containers-0.6.0.1
- completed:
    hackage: restless-git-0.7@sha256:346a5775a586f07ecb291036a8d3016c3484ccdc188b574bcdec0a82c12db293,968
    pantry-tree:
      size: 269
      sha256: 26b37a66c08215e18a914600aae8a61a6ba4611243a0b31ea27437d6c83701cb
  original:
    hackage: restless-git-0.7
- completed:
    hackage: s-cargot-0.1.4.0@sha256:61ea1833fbb4c80d93577144870e449d2007d311c34d74252850bb48aa8c31fb,3525
    pantry-tree:
      size: 1467
      sha256: 280c1899ea1a905f01785e175ff029748e9913388d25e02a8e4cdceb9a92b722
  original:
    hackage: s-cargot-0.1.4.0
- completed:
    hackage: tree-view-0.5@sha256:85fbc67b53c1ef47f020a69051e6a29b27481698fe802cd2ed8ab0108aa69a38,1231
    pantry-tree:
      size: 215
      sha256: d9a18211606d72c340943d0a23fc119e94561f81fa4be118764c8288d259aeff
  original:
    hackage: tree-view-0.5
- completed:
    hackage: text-format-0.3.2@sha256:2a3fc17cf87120fcfdbca62a0da59759755549285841cdc1483081c35fb3d115,1814
    pantry-tree:
      size: 1029
      sha256: 2db26ddb77184186e0d5b2b020bdfbeb044c168024767b1fa3691682ca618896
  original:
    hackage: text-format-0.3.2
- completed:
    hackage: witherable-0.3.5@sha256:6590a15735b50ac14dcc138d4265ff1585d5f3e9d3047d5ebc5abf4cd5f50084,1476
    pantry-tree:
      size: 271
      sha256: b99f21dbac28da031eb7c787fbffbe5e77e0aee42b64b5dda082470e907d5ab5
  original:
    hackage: witherable-0.3.5
- completed:
    hackage: base16-bytestring-1.0.1.0@sha256:33b9d57afa334d06485033e930c6b13fc760baf88fd8f715ae2f9a4b46e19a54,2641
    pantry-tree:
      size: 595
      sha256: 24661ef9b1089d468227300f8ceb89194b5cce68b9f6ed8109b01f63c07f54e3
  original:
    hackage: base16-bytestring-1.0.1.0@sha256:33b9d57afa334d06485033e930c6b13fc760baf88fd8f715ae2f9a4b46e19a54,2641
- completed:
    size: 12352
    url: https://github.com/dmjio/semver-range/archive/d8d9db892ddb6ae267c9bcbc4f6602668433f12a.tar.gz
    name: semver-range
    version: 0.2.7
    sha256: 33c84e352ad7757bb96a1a55bd94a427cfc64f97f0422c601156c2592e8a4739
    pantry-tree:
      size: 817
      sha256: aa2130b4f6250ffaefd96d6526bdb790c39651418c86b514285d1fe3e2f0ec4a
  original:
    url: https://github.com/dmjio/semver-range/archive/d8d9db892ddb6ae267c9bcbc4f6602668433f12a.tar.gz
- completed:
    size: 904337
    url: https://github.com/leventerkok/sbv/archive/b64905e2698c320ac14ffbad53325d33081839fb.tar.gz
    name: sbv
    version: '8.9'
    sha256: fe307ed1351726415db67818f82cf992957d2ea32db73dfc32df5723918f1241
    pantry-tree:
      size: 63088
      sha256: 0f18db8b8ca87b8d3d99f414d9c9a589a331ae8e4eee20151a0f634548d2a357
  original:
    url: https://github.com/leventerkok/sbv/archive/b64905e2698c320ac14ffbad53325d33081839fb.tar.gz
snapshots:
- completed:
    size: 567677
    url: https://raw.githubusercontent.com/commercialhaskell/stackage-snapshots/master/lts/17/14.yaml
    sha256: 3740f22286bf5e6e3d82f88125e1c708b6e27847211f956b530aa5d83cf39383
  original: lts-17.14
